// !$*UTF8*$!
{
	archiveVersion = 1;
	classes = {
	};
	objectVersion = 55;
	objects = {

/* Begin PBXBuildFile section */
		008988E21DAB22E4F6FD3D04 /* Pods_HepticEngine.framework in Frameworks */ = {isa = PBXBuildFile; fileRef = A84B78E107430C6DAB4D80A2 /* Pods_HepticEngine.framework */; };
		046A381428CC6F9600D6E787 /* AppDelegate.swift in Sources */ = {isa = PBXBuildFile; fileRef = 046A381328CC6F9600D6E787 /* AppDelegate.swift */; };
		046A381628CC6F9600D6E787 /* SceneDelegate.swift in Sources */ = {isa = PBXBuildFile; fileRef = 046A381528CC6F9600D6E787 /* SceneDelegate.swift */; };
		046A381828CC6F9600D6E787 /* ViewController.swift in Sources */ = {isa = PBXBuildFile; fileRef = 046A381728CC6F9600D6E787 /* ViewController.swift */; };
		046A381B28CC6F9600D6E787 /* Main.storyboard in Resources */ = {isa = PBXBuildFile; fileRef = 046A381928CC6F9600D6E787 /* Main.storyboard */; };
		046A381E28CC6F9600D6E787 /* HepticEngine.xcdatamodeld in Sources */ = {isa = PBXBuildFile; fileRef = 046A381C28CC6F9600D6E787 /* HepticEngine.xcdatamodeld */; };
		046A382028CC6F9B00D6E787 /* Assets.xcassets in Resources */ = {isa = PBXBuildFile; fileRef = 046A381F28CC6F9B00D6E787 /* Assets.xcassets */; };
		046A382328CC6F9B00D6E787 /* LaunchScreen.storyboard in Resources */ = {isa = PBXBuildFile; fileRef = 046A382128CC6F9B00D6E787 /* LaunchScreen.storyboard */; };
		046A382E28CC6F9B00D6E787 /* HepticEngineTests.swift in Sources */ = {isa = PBXBuildFile; fileRef = 046A382D28CC6F9B00D6E787 /* HepticEngineTests.swift */; };
		046A383828CC6F9B00D6E787 /* HepticEngineUITests.swift in Sources */ = {isa = PBXBuildFile; fileRef = 046A383728CC6F9B00D6E787 /* HepticEngineUITests.swift */; };
		046A383A28CC6F9B00D6E787 /* HepticEngineUITestsLaunchTests.swift in Sources */ = {isa = PBXBuildFile; fileRef = 046A383928CC6F9B00D6E787 /* HepticEngineUITestsLaunchTests.swift */; };
		047C0CD628CCC513006770D4 /* StepCounting.swift in Sources */ = {isa = PBXBuildFile; fileRef = 047C0CD528CCC513006770D4 /* StepCounting.swift */; };
		047C0CD828CCC6E5006770D4 /* ButtonDesign.swift in Sources */ = {isa = PBXBuildFile; fileRef = 047C0CD728CCC6E5006770D4 /* ButtonDesign.swift */; };
		047C0D1B28CF4998006770D4 /* PedoMeter.swift in Sources */ = {isa = PBXBuildFile; fileRef = 047C0D1A28CF4998006770D4 /* PedoMeter.swift */; };
		4DC0C692754DD32345AB8AB0 /* Pods_HepticEngine_HepticEngineUITests.framework in Frameworks */ = {isa = PBXBuildFile; fileRef = 315880A3FE626D29D2A80FA4 /* Pods_HepticEngine_HepticEngineUITests.framework */; };
		FAB798DFD165F1BFD49D6ED4 /* Pods_HepticEngineTests.framework in Frameworks */ = {isa = PBXBuildFile; fileRef = 26559B6FECBAD2AE54E23A7A /* Pods_HepticEngineTests.framework */; };
/* End PBXBuildFile section */

/* Begin PBXContainerItemProxy section */
		046A382A28CC6F9B00D6E787 /* PBXContainerItemProxy */ = {
			isa = PBXContainerItemProxy;
			containerPortal = 046A380828CC6F9600D6E787 /* Project object */;
			proxyType = 1;
			remoteGlobalIDString = 046A380F28CC6F9600D6E787;
			remoteInfo = HepticEngine;
		};
		046A383428CC6F9B00D6E787 /* PBXContainerItemProxy */ = {
			isa = PBXContainerItemProxy;
			containerPortal = 046A380828CC6F9600D6E787 /* Project object */;
			proxyType = 1;
			remoteGlobalIDString = 046A380F28CC6F9600D6E787;
			remoteInfo = HepticEngine;
		};
/* End PBXContainerItemProxy section */

/* Begin PBXFileReference section */
		046A381028CC6F9600D6E787 /* HepticEngine.app */ = {isa = PBXFileReference; explicitFileType = wrapper.application; includeInIndex = 0; path = HepticEngine.app; sourceTree = BUILT_PRODUCTS_DIR; };
		046A381328CC6F9600D6E787 /* AppDelegate.swift */ = {isa = PBXFileReference; lastKnownFileType = sourcecode.swift; path = AppDelegate.swift; sourceTree = "<group>"; };
		046A381528CC6F9600D6E787 /* SceneDelegate.swift */ = {isa = PBXFileReference; lastKnownFileType = sourcecode.swift; path = SceneDelegate.swift; sourceTree = "<group>"; };
		046A381728CC6F9600D6E787 /* ViewController.swift */ = {isa = PBXFileReference; lastKnownFileType = sourcecode.swift; path = ViewController.swift; sourceTree = "<group>"; };
		046A381A28CC6F9600D6E787 /* Base */ = {isa = PBXFileReference; lastKnownFileType = file.storyboard; name = Base; path = Base.lproj/Main.storyboard; sourceTree = "<group>"; };
		046A381D28CC6F9600D6E787 /* HepticEngine.xcdatamodel */ = {isa = PBXFileReference; lastKnownFileType = wrapper.xcdatamodel; path = HepticEngine.xcdatamodel; sourceTree = "<group>"; };
		046A381F28CC6F9B00D6E787 /* Assets.xcassets */ = {isa = PBXFileReference; lastKnownFileType = folder.assetcatalog; path = Assets.xcassets; sourceTree = "<group>"; };
		046A382228CC6F9B00D6E787 /* Base */ = {isa = PBXFileReference; lastKnownFileType = file.storyboard; name = Base; path = Base.lproj/LaunchScreen.storyboard; sourceTree = "<group>"; };
		046A382428CC6F9B00D6E787 /* Info.plist */ = {isa = PBXFileReference; lastKnownFileType = text.plist.xml; path = Info.plist; sourceTree = "<group>"; };
		046A382928CC6F9B00D6E787 /* HepticEngineTests.xctest */ = {isa = PBXFileReference; explicitFileType = wrapper.cfbundle; includeInIndex = 0; path = HepticEngineTests.xctest; sourceTree = BUILT_PRODUCTS_DIR; };
		046A382D28CC6F9B00D6E787 /* HepticEngineTests.swift */ = {isa = PBXFileReference; lastKnownFileType = sourcecode.swift; path = HepticEngineTests.swift; sourceTree = "<group>"; };
		046A383328CC6F9B00D6E787 /* HepticEngineUITests.xctest */ = {isa = PBXFileReference; explicitFileType = wrapper.cfbundle; includeInIndex = 0; path = HepticEngineUITests.xctest; sourceTree = BUILT_PRODUCTS_DIR; };
		046A383728CC6F9B00D6E787 /* HepticEngineUITests.swift */ = {isa = PBXFileReference; lastKnownFileType = sourcecode.swift; path = HepticEngineUITests.swift; sourceTree = "<group>"; };
		046A383928CC6F9B00D6E787 /* HepticEngineUITestsLaunchTests.swift */ = {isa = PBXFileReference; lastKnownFileType = sourcecode.swift; path = HepticEngineUITestsLaunchTests.swift; sourceTree = "<group>"; };
		047C0CD528CCC513006770D4 /* StepCounting.swift */ = {isa = PBXFileReference; lastKnownFileType = sourcecode.swift; path = StepCounting.swift; sourceTree = "<group>"; };
		047C0CD728CCC6E5006770D4 /* ButtonDesign.swift */ = {isa = PBXFileReference; lastKnownFileType = sourcecode.swift; path = ButtonDesign.swift; sourceTree = "<group>"; };
		047C0D1A28CF4998006770D4 /* PedoMeter.swift */ = {isa = PBXFileReference; lastKnownFileType = sourcecode.swift; path = PedoMeter.swift; sourceTree = "<group>"; };
		26559B6FECBAD2AE54E23A7A /* Pods_HepticEngineTests.framework */ = {isa = PBXFileReference; explicitFileType = wrapper.framework; includeInIndex = 0; path = Pods_HepticEngineTests.framework; sourceTree = BUILT_PRODUCTS_DIR; };
		3004C0A853C9A420FAAE03F2 /* Pods-HepticEngine-HepticEngineUITests.release.xcconfig */ = {isa = PBXFileReference; includeInIndex = 1; lastKnownFileType = text.xcconfig; name = "Pods-HepticEngine-HepticEngineUITests.release.xcconfig"; path = "Target Support Files/Pods-HepticEngine-HepticEngineUITests/Pods-HepticEngine-HepticEngineUITests.release.xcconfig"; sourceTree = "<group>"; };
		314D77E31E505EAC06AD99F4 /* Pods-HepticEngineTests.release.xcconfig */ = {isa = PBXFileReference; includeInIndex = 1; lastKnownFileType = text.xcconfig; name = "Pods-HepticEngineTests.release.xcconfig"; path = "Target Support Files/Pods-HepticEngineTests/Pods-HepticEngineTests.release.xcconfig"; sourceTree = "<group>"; };
		315880A3FE626D29D2A80FA4 /* Pods_HepticEngine_HepticEngineUITests.framework */ = {isa = PBXFileReference; explicitFileType = wrapper.framework; includeInIndex = 0; path = Pods_HepticEngine_HepticEngineUITests.framework; sourceTree = BUILT_PRODUCTS_DIR; };
		3FC33A8FF9376CF97885A456 /* Pods-HepticEngine.debug.xcconfig */ = {isa = PBXFileReference; includeInIndex = 1; lastKnownFileType = text.xcconfig; name = "Pods-HepticEngine.debug.xcconfig"; path = "Target Support Files/Pods-HepticEngine/Pods-HepticEngine.debug.xcconfig"; sourceTree = "<group>"; };
		A84B78E107430C6DAB4D80A2 /* Pods_HepticEngine.framework */ = {isa = PBXFileReference; explicitFileType = wrapper.framework; includeInIndex = 0; path = Pods_HepticEngine.framework; sourceTree = BUILT_PRODUCTS_DIR; };
		E8045AE2E74E6DEE54A9C437 /* Pods-HepticEngine.release.xcconfig */ = {isa = PBXFileReference; includeInIndex = 1; lastKnownFileType = text.xcconfig; name = "Pods-HepticEngine.release.xcconfig"; path = "Target Support Files/Pods-HepticEngine/Pods-HepticEngine.release.xcconfig"; sourceTree = "<group>"; };
		E8D022FE6B0093E2D4B5A49A /* Pods-HepticEngine-HepticEngineUITests.debug.xcconfig */ = {isa = PBXFileReference; includeInIndex = 1; lastKnownFileType = text.xcconfig; name = "Pods-HepticEngine-HepticEngineUITests.debug.xcconfig"; path = "Target Support Files/Pods-HepticEngine-HepticEngineUITests/Pods-HepticEngine-HepticEngineUITests.debug.xcconfig"; sourceTree = "<group>"; };
		ECCC598AA17D36991D268796 /* Pods-HepticEngineTests.debug.xcconfig */ = {isa = PBXFileReference; includeInIndex = 1; lastKnownFileType = text.xcconfig; name = "Pods-HepticEngineTests.debug.xcconfig"; path = "Target Support Files/Pods-HepticEngineTests/Pods-HepticEngineTests.debug.xcconfig"; sourceTree = "<group>"; };
/* End PBXFileReference section */

/* Begin PBXFrameworksBuildPhase section */
		046A380D28CC6F9600D6E787 /* Frameworks */ = {
			isa = PBXFrameworksBuildPhase;
			buildActionMask = 2147483647;
			files = (
				008988E21DAB22E4F6FD3D04 /* Pods_HepticEngine.framework in Frameworks */,
			);
			runOnlyForDeploymentPostprocessing = 0;
		};
		046A382628CC6F9B00D6E787 /* Frameworks */ = {
			isa = PBXFrameworksBuildPhase;
			buildActionMask = 2147483647;
			files = (
				FAB798DFD165F1BFD49D6ED4 /* Pods_HepticEngineTests.framework in Frameworks */,
			);
			runOnlyForDeploymentPostprocessing = 0;
		};
		046A383028CC6F9B00D6E787 /* Frameworks */ = {
			isa = PBXFrameworksBuildPhase;
			buildActionMask = 2147483647;
			files = (
				4DC0C692754DD32345AB8AB0 /* Pods_HepticEngine_HepticEngineUITests.framework in Frameworks */,
			);
			runOnlyForDeploymentPostprocessing = 0;
		};
/* End PBXFrameworksBuildPhase section */

/* Begin PBXGroup section */
		046A380728CC6F9600D6E787 = {
			isa = PBXGroup;
			children = (
				046A381228CC6F9600D6E787 /* HepticEngine */,
				046A382C28CC6F9B00D6E787 /* HepticEngineTests */,
				046A383628CC6F9B00D6E787 /* HepticEngineUITests */,
				046A381128CC6F9600D6E787 /* Products */,
				BB0DAD1C24A073B18871A657 /* Pods */,
				7CCCDC7150A77FE30179FE2D /* Frameworks */,
			);
			sourceTree = "<group>";
		};
		046A381128CC6F9600D6E787 /* Products */ = {
			isa = PBXGroup;
			children = (
				046A381028CC6F9600D6E787 /* HepticEngine.app */,
				046A382928CC6F9B00D6E787 /* HepticEngineTests.xctest */,
				046A383328CC6F9B00D6E787 /* HepticEngineUITests.xctest */,
			);
			name = Products;
			sourceTree = "<group>";
		};
		046A381228CC6F9600D6E787 /* HepticEngine */ = {
			isa = PBXGroup;
			children = (
				046A381328CC6F9600D6E787 /* AppDelegate.swift */,
				046A381528CC6F9600D6E787 /* SceneDelegate.swift */,
				046A381728CC6F9600D6E787 /* ViewController.swift */,
				047C0D1A28CF4998006770D4 /* PedoMeter.swift */,
				047C0CD528CCC513006770D4 /* StepCounting.swift */,
				047C0CD728CCC6E5006770D4 /* ButtonDesign.swift */,
				046A381928CC6F9600D6E787 /* Main.storyboard */,
				046A381F28CC6F9B00D6E787 /* Assets.xcassets */,
				046A382128CC6F9B00D6E787 /* LaunchScreen.storyboard */,
				046A382428CC6F9B00D6E787 /* Info.plist */,
				046A381C28CC6F9600D6E787 /* HepticEngine.xcdatamodeld */,
			);
			path = HepticEngine;
			sourceTree = "<group>";
		};
		046A382C28CC6F9B00D6E787 /* HepticEngineTests */ = {
			isa = PBXGroup;
			children = (
				046A382D28CC6F9B00D6E787 /* HepticEngineTests.swift */,
			);
			path = HepticEngineTests;
			sourceTree = "<group>";
		};
		046A383628CC6F9B00D6E787 /* HepticEngineUITests */ = {
			isa = PBXGroup;
			children = (
				046A383728CC6F9B00D6E787 /* HepticEngineUITests.swift */,
				046A383928CC6F9B00D6E787 /* HepticEngineUITestsLaunchTests.swift */,
			);
			path = HepticEngineUITests;
			sourceTree = "<group>";
		};
		7CCCDC7150A77FE30179FE2D /* Frameworks */ = {
			isa = PBXGroup;
			children = (
				A84B78E107430C6DAB4D80A2 /* Pods_HepticEngine.framework */,
				315880A3FE626D29D2A80FA4 /* Pods_HepticEngine_HepticEngineUITests.framework */,
				26559B6FECBAD2AE54E23A7A /* Pods_HepticEngineTests.framework */,
			);
			name = Frameworks;
			sourceTree = "<group>";
		};
		BB0DAD1C24A073B18871A657 /* Pods */ = {
			isa = PBXGroup;
			children = (
				3FC33A8FF9376CF97885A456 /* Pods-HepticEngine.debug.xcconfig */,
				E8045AE2E74E6DEE54A9C437 /* Pods-HepticEngine.release.xcconfig */,
				E8D022FE6B0093E2D4B5A49A /* Pods-HepticEngine-HepticEngineUITests.debug.xcconfig */,
				3004C0A853C9A420FAAE03F2 /* Pods-HepticEngine-HepticEngineUITests.release.xcconfig */,
				ECCC598AA17D36991D268796 /* Pods-HepticEngineTests.debug.xcconfig */,
				314D77E31E505EAC06AD99F4 /* Pods-HepticEngineTests.release.xcconfig */,
			);
			name = Pods;
			path = Pods;
			sourceTree = "<group>";
		};
/* End PBXGroup section */

/* Begin PBXNativeTarget section */
		046A380F28CC6F9600D6E787 /* HepticEngine */ = {
			isa = PBXNativeTarget;
			buildConfigurationList = 046A383D28CC6F9B00D6E787 /* Build configuration list for PBXNativeTarget "HepticEngine" */;
			buildPhases = (
				68CB8CD8CE38802D9AE0A219 /* [CP] Check Pods Manifest.lock */,
				046A380C28CC6F9600D6E787 /* Sources */,
				046A380D28CC6F9600D6E787 /* Frameworks */,
				046A380E28CC6F9600D6E787 /* Resources */,
				A2C5F211E240A5140F41A8FA /* [CP] Embed Pods Frameworks */,
			);
			buildRules = (
			);
			dependencies = (
			);
			name = HepticEngine;
			productName = HepticEngine;
			productReference = 046A381028CC6F9600D6E787 /* HepticEngine.app */;
			productType = "com.apple.product-type.application";
		};
		046A382828CC6F9B00D6E787 /* HepticEngineTests */ = {
			isa = PBXNativeTarget;
			buildConfigurationList = 046A384028CC6F9B00D6E787 /* Build configuration list for PBXNativeTarget "HepticEngineTests" */;
			buildPhases = (
				96969F28BD17B2CDC402AE3D /* [CP] Check Pods Manifest.lock */,
				046A382528CC6F9B00D6E787 /* Sources */,
				046A382628CC6F9B00D6E787 /* Frameworks */,
				046A382728CC6F9B00D6E787 /* Resources */,
			);
			buildRules = (
			);
			dependencies = (
				046A382B28CC6F9B00D6E787 /* PBXTargetDependency */,
			);
			name = HepticEngineTests;
			productName = HepticEngineTests;
			productReference = 046A382928CC6F9B00D6E787 /* HepticEngineTests.xctest */;
			productType = "com.apple.product-type.bundle.unit-test";
		};
		046A383228CC6F9B00D6E787 /* HepticEngineUITests */ = {
			isa = PBXNativeTarget;
			buildConfigurationList = 046A384328CC6F9B00D6E787 /* Build configuration list for PBXNativeTarget "HepticEngineUITests" */;
			buildPhases = (
				C2CD8DD8D9F02185EAFEADA9 /* [CP] Check Pods Manifest.lock */,
				046A382F28CC6F9B00D6E787 /* Sources */,
				046A383028CC6F9B00D6E787 /* Frameworks */,
				046A383128CC6F9B00D6E787 /* Resources */,
				EB59347B7891DA2B94C4874F /* [CP] Embed Pods Frameworks */,
			);
			buildRules = (
			);
			dependencies = (
				046A383528CC6F9B00D6E787 /* PBXTargetDependency */,
			);
			name = HepticEngineUITests;
			productName = HepticEngineUITests;
			productReference = 046A383328CC6F9B00D6E787 /* HepticEngineUITests.xctest */;
			productType = "com.apple.product-type.bundle.ui-testing";
		};
/* End PBXNativeTarget section */

/* Begin PBXProject section */
		046A380828CC6F9600D6E787 /* Project object */ = {
			isa = PBXProject;
			attributes = {
				BuildIndependentTargetsInParallel = 1;
				LastSwiftUpdateCheck = 1340;
				LastUpgradeCheck = 1340;
				TargetAttributes = {
					046A380F28CC6F9600D6E787 = {
						CreatedOnToolsVersion = 13.4;
					};
					046A382828CC6F9B00D6E787 = {
						CreatedOnToolsVersion = 13.4;
						TestTargetID = 046A380F28CC6F9600D6E787;
					};
					046A383228CC6F9B00D6E787 = {
						CreatedOnToolsVersion = 13.4;
						TestTargetID = 046A380F28CC6F9600D6E787;
					};
				};
			};
			buildConfigurationList = 046A380B28CC6F9600D6E787 /* Build configuration list for PBXProject "HepticEngine" */;
			compatibilityVersion = "Xcode 13.0";
			developmentRegion = en;
			hasScannedForEncodings = 0;
			knownRegions = (
				en,
				Base,
			);
			mainGroup = 046A380728CC6F9600D6E787;
			productRefGroup = 046A381128CC6F9600D6E787 /* Products */;
			projectDirPath = "";
			projectRoot = "";
			targets = (
				046A380F28CC6F9600D6E787 /* HepticEngine */,
				046A382828CC6F9B00D6E787 /* HepticEngineTests */,
				046A383228CC6F9B00D6E787 /* HepticEngineUITests */,
			);
		};
/* End PBXProject section */

/* Begin PBXResourcesBuildPhase section */
		046A380E28CC6F9600D6E787 /* Resources */ = {
			isa = PBXResourcesBuildPhase;
			buildActionMask = 2147483647;
			files = (
				046A382328CC6F9B00D6E787 /* LaunchScreen.storyboard in Resources */,
				046A382028CC6F9B00D6E787 /* Assets.xcassets in Resources */,
				046A381B28CC6F9600D6E787 /* Main.storyboard in Resources */,
			);
			runOnlyForDeploymentPostprocessing = 0;
		};
		046A382728CC6F9B00D6E787 /* Resources */ = {
			isa = PBXResourcesBuildPhase;
			buildActionMask = 2147483647;
			files = (
			);
			runOnlyForDeploymentPostprocessing = 0;
		};
		046A383128CC6F9B00D6E787 /* Resources */ = {
			isa = PBXResourcesBuildPhase;
			buildActionMask = 2147483647;
			files = (
			);
			runOnlyForDeploymentPostprocessing = 0;
		};
/* End PBXResourcesBuildPhase section */

/* Begin PBXShellScriptBuildPhase section */
		68CB8CD8CE38802D9AE0A219 /* [CP] Check Pods Manifest.lock */ = {
			isa = PBXShellScriptBuildPhase;
			buildActionMask = 2147483647;
			files = (
			);
			inputFileListPaths = (
			);
			inputPaths = (
				"${PODS_PODFILE_DIR_PATH}/Podfile.lock",
				"${PODS_ROOT}/Manifest.lock",
			);
			name = "[CP] Check Pods Manifest.lock";
			outputFileListPaths = (
			);
			outputPaths = (
				"$(DERIVED_FILE_DIR)/Pods-HepticEngine-checkManifestLockResult.txt",
			);
			runOnlyForDeploymentPostprocessing = 0;
			shellPath = /bin/sh;
			shellScript = "diff \"${PODS_PODFILE_DIR_PATH}/Podfile.lock\" \"${PODS_ROOT}/Manifest.lock\" > /dev/null\nif [ $? != 0 ] ; then\n    # print error to STDERR\n    echo \"error: The sandbox is not in sync with the Podfile.lock. Run 'pod install' or update your CocoaPods installation.\" >&2\n    exit 1\nfi\n# This output is used by Xcode 'outputs' to avoid re-running this script phase.\necho \"SUCCESS\" > \"${SCRIPT_OUTPUT_FILE_0}\"\n";
			showEnvVarsInLog = 0;
		};
		96969F28BD17B2CDC402AE3D /* [CP] Check Pods Manifest.lock */ = {
			isa = PBXShellScriptBuildPhase;
			buildActionMask = 2147483647;
			files = (
			);
			inputFileListPaths = (
			);
			inputPaths = (
				"${PODS_PODFILE_DIR_PATH}/Podfile.lock",
				"${PODS_ROOT}/Manifest.lock",
			);
			name = "[CP] Check Pods Manifest.lock";
			outputFileListPaths = (
			);
			outputPaths = (
				"$(DERIVED_FILE_DIR)/Pods-HepticEngineTests-checkManifestLockResult.txt",
			);
			runOnlyForDeploymentPostprocessing = 0;
			shellPath = /bin/sh;
			shellScript = "diff \"${PODS_PODFILE_DIR_PATH}/Podfile.lock\" \"${PODS_ROOT}/Manifest.lock\" > /dev/null\nif [ $? != 0 ] ; then\n    # print error to STDERR\n    echo \"error: The sandbox is not in sync with the Podfile.lock. Run 'pod install' or update your CocoaPods installation.\" >&2\n    exit 1\nfi\n# This output is used by Xcode 'outputs' to avoid re-running this script phase.\necho \"SUCCESS\" > \"${SCRIPT_OUTPUT_FILE_0}\"\n";
			showEnvVarsInLog = 0;
		};
		A2C5F211E240A5140F41A8FA /* [CP] Embed Pods Frameworks */ = {
			isa = PBXShellScriptBuildPhase;
			buildActionMask = 2147483647;
			files = (
			);
			inputFileListPaths = (
				"${PODS_ROOT}/Target Support Files/Pods-HepticEngine/Pods-HepticEngine-frameworks-${CONFIGURATION}-input-files.xcfilelist",
			);
			name = "[CP] Embed Pods Frameworks";
			outputFileListPaths = (
				"${PODS_ROOT}/Target Support Files/Pods-HepticEngine/Pods-HepticEngine-frameworks-${CONFIGURATION}-output-files.xcfilelist",
			);
			runOnlyForDeploymentPostprocessing = 0;
			shellPath = /bin/sh;
			shellScript = "\"${PODS_ROOT}/Target Support Files/Pods-HepticEngine/Pods-HepticEngine-frameworks.sh\"\n";
			showEnvVarsInLog = 0;
		};
		C2CD8DD8D9F02185EAFEADA9 /* [CP] Check Pods Manifest.lock */ = {
			isa = PBXShellScriptBuildPhase;
			buildActionMask = 2147483647;
			files = (
			);
			inputFileListPaths = (
			);
			inputPaths = (
				"${PODS_PODFILE_DIR_PATH}/Podfile.lock",
				"${PODS_ROOT}/Manifest.lock",
			);
			name = "[CP] Check Pods Manifest.lock";
			outputFileListPaths = (
			);
			outputPaths = (
				"$(DERIVED_FILE_DIR)/Pods-HepticEngine-HepticEngineUITests-checkManifestLockResult.txt",
			);
			runOnlyForDeploymentPostprocessing = 0;
			shellPath = /bin/sh;
			shellScript = "diff \"${PODS_PODFILE_DIR_PATH}/Podfile.lock\" \"${PODS_ROOT}/Manifest.lock\" > /dev/null\nif [ $? != 0 ] ; then\n    # print error to STDERR\n    echo \"error: The sandbox is not in sync with the Podfile.lock. Run 'pod install' or update your CocoaPods installation.\" >&2\n    exit 1\nfi\n# This output is used by Xcode 'outputs' to avoid re-running this script phase.\necho \"SUCCESS\" > \"${SCRIPT_OUTPUT_FILE_0}\"\n";
			showEnvVarsInLog = 0;
		};
		EB59347B7891DA2B94C4874F /* [CP] Embed Pods Frameworks */ = {
			isa = PBXShellScriptBuildPhase;
			buildActionMask = 2147483647;
			files = (
			);
			inputFileListPaths = (
				"${PODS_ROOT}/Target Support Files/Pods-HepticEngine-HepticEngineUITests/Pods-HepticEngine-HepticEngineUITests-frameworks-${CONFIGURATION}-input-files.xcfilelist",
			);
			name = "[CP] Embed Pods Frameworks";
			outputFileListPaths = (
				"${PODS_ROOT}/Target Support Files/Pods-HepticEngine-HepticEngineUITests/Pods-HepticEngine-HepticEngineUITests-frameworks-${CONFIGURATION}-output-files.xcfilelist",
			);
			runOnlyForDeploymentPostprocessing = 0;
			shellPath = /bin/sh;
			shellScript = "\"${PODS_ROOT}/Target Support Files/Pods-HepticEngine-HepticEngineUITests/Pods-HepticEngine-HepticEngineUITests-frameworks.sh\"\n";
			showEnvVarsInLog = 0;
		};
/* End PBXShellScriptBuildPhase section */

/* Begin PBXSourcesBuildPhase section */
		046A380C28CC6F9600D6E787 /* Sources */ = {
			isa = PBXSourcesBuildPhase;
			buildActionMask = 2147483647;
			files = (
				047C0D1B28CF4998006770D4 /* PedoMeter.swift in Sources */,
				046A381E28CC6F9600D6E787 /* HepticEngine.xcdatamodeld in Sources */,
				046A381828CC6F9600D6E787 /* ViewController.swift in Sources */,
				046A381428CC6F9600D6E787 /* AppDelegate.swift in Sources */,
				047C0CD828CCC6E5006770D4 /* ButtonDesign.swift in Sources */,
				047C0CD628CCC513006770D4 /* StepCounting.swift in Sources */,
				046A381628CC6F9600D6E787 /* SceneDelegate.swift in Sources */,
			);
			runOnlyForDeploymentPostprocessing = 0;
		};
		046A382528CC6F9B00D6E787 /* Sources */ = {
			isa = PBXSourcesBuildPhase;
			buildActionMask = 2147483647;
			files = (
				046A382E28CC6F9B00D6E787 /* HepticEngineTests.swift in Sources */,
			);
			runOnlyForDeploymentPostprocessing = 0;
		};
		046A382F28CC6F9B00D6E787 /* Sources */ = {
			isa = PBXSourcesBuildPhase;
			buildActionMask = 2147483647;
			files = (
				046A383828CC6F9B00D6E787 /* HepticEngineUITests.swift in Sources */,
				046A383A28CC6F9B00D6E787 /* HepticEngineUITestsLaunchTests.swift in Sources */,
			);
			runOnlyForDeploymentPostprocessing = 0;
		};
/* End PBXSourcesBuildPhase section */

/* Begin PBXTargetDependency section */
		046A382B28CC6F9B00D6E787 /* PBXTargetDependency */ = {
			isa = PBXTargetDependency;
			target = 046A380F28CC6F9600D6E787 /* HepticEngine */;
			targetProxy = 046A382A28CC6F9B00D6E787 /* PBXContainerItemProxy */;
		};
		046A383528CC6F9B00D6E787 /* PBXTargetDependency */ = {
			isa = PBXTargetDependency;
			target = 046A380F28CC6F9600D6E787 /* HepticEngine */;
			targetProxy = 046A383428CC6F9B00D6E787 /* PBXContainerItemProxy */;
		};
/* End PBXTargetDependency section */

/* Begin PBXVariantGroup section */
		046A381928CC6F9600D6E787 /* Main.storyboard */ = {
			isa = PBXVariantGroup;
			children = (
				046A381A28CC6F9600D6E787 /* Base */,
			);
			name = Main.storyboard;
			sourceTree = "<group>";
		};
		046A382128CC6F9B00D6E787 /* LaunchScreen.storyboard */ = {
			isa = PBXVariantGroup;
			children = (
				046A382228CC6F9B00D6E787 /* Base */,
			);
			name = LaunchScreen.storyboard;
			sourceTree = "<group>";
		};
/* End PBXVariantGroup section */

/* Begin XCBuildConfiguration section */
		046A383B28CC6F9B00D6E787 /* Debug */ = {
			isa = XCBuildConfiguration;
			buildSettings = {
				ALWAYS_SEARCH_USER_PATHS = NO;
				CLANG_ANALYZER_NONNULL = YES;
				CLANG_ANALYZER_NUMBER_OBJECT_CONVERSION = YES_AGGRESSIVE;
				CLANG_CXX_LANGUAGE_STANDARD = "gnu++17";
				CLANG_ENABLE_MODULES = YES;
				CLANG_ENABLE_OBJC_ARC = YES;
				CLANG_ENABLE_OBJC_WEAK = YES;
				CLANG_WARN_BLOCK_CAPTURE_AUTORELEASING = YES;
				CLANG_WARN_BOOL_CONVERSION = YES;
				CLANG_WARN_COMMA = YES;
				CLANG_WARN_CONSTANT_CONVERSION = YES;
				CLANG_WARN_DEPRECATED_OBJC_IMPLEMENTATIONS = YES;
				CLANG_WARN_DIRECT_OBJC_ISA_USAGE = YES_ERROR;
				CLANG_WARN_DOCUMENTATION_COMMENTS = YES;
				CLANG_WARN_EMPTY_BODY = YES;
				CLANG_WARN_ENUM_CONVERSION = YES;
				CLANG_WARN_INFINITE_RECURSION = YES;
				CLANG_WARN_INT_CONVERSION = YES;
				CLANG_WARN_NON_LITERAL_NULL_CONVERSION = YES;
				CLANG_WARN_OBJC_IMPLICIT_RETAIN_SELF = YES;
				CLANG_WARN_OBJC_LITERAL_CONVERSION = YES;
				CLANG_WARN_OBJC_ROOT_CLASS = YES_ERROR;
				CLANG_WARN_QUOTED_INCLUDE_IN_FRAMEWORK_HEADER = YES;
				CLANG_WARN_RANGE_LOOP_ANALYSIS = YES;
				CLANG_WARN_STRICT_PROTOTYPES = YES;
				CLANG_WARN_SUSPICIOUS_MOVE = YES;
				CLANG_WARN_UNGUARDED_AVAILABILITY = YES_AGGRESSIVE;
				CLANG_WARN_UNREACHABLE_CODE = YES;
				CLANG_WARN__DUPLICATE_METHOD_MATCH = YES;
				COPY_PHASE_STRIP = NO;
				DEBUG_INFORMATION_FORMAT = dwarf;
				ENABLE_STRICT_OBJC_MSGSEND = YES;
				ENABLE_TESTABILITY = YES;
				GCC_C_LANGUAGE_STANDARD = gnu11;
				GCC_DYNAMIC_NO_PIC = NO;
				GCC_NO_COMMON_BLOCKS = YES;
				GCC_OPTIMIZATION_LEVEL = 0;
				GCC_PREPROCESSOR_DEFINITIONS = (
					"DEBUG=1",
					"$(inherited)",
				);
				GCC_WARN_64_TO_32_BIT_CONVERSION = YES;
				GCC_WARN_ABOUT_RETURN_TYPE = YES_ERROR;
				GCC_WARN_UNDECLARED_SELECTOR = YES;
				GCC_WARN_UNINITIALIZED_AUTOS = YES_AGGRESSIVE;
				GCC_WARN_UNUSED_FUNCTION = YES;
				GCC_WARN_UNUSED_VARIABLE = YES;
				IPHONEOS_DEPLOYMENT_TARGET = 15.5;
				MTL_ENABLE_DEBUG_INFO = INCLUDE_SOURCE;
				MTL_FAST_MATH = YES;
				ONLY_ACTIVE_ARCH = YES;
				SDKROOT = iphoneos;
				SWIFT_ACTIVE_COMPILATION_CONDITIONS = DEBUG;
				SWIFT_OPTIMIZATION_LEVEL = "-Onone";
			};
			name = Debug;
		};
		046A383C28CC6F9B00D6E787 /* Release */ = {
			isa = XCBuildConfiguration;
			buildSettings = {
				ALWAYS_SEARCH_USER_PATHS = NO;
				CLANG_ANALYZER_NONNULL = YES;
				CLANG_ANALYZER_NUMBER_OBJECT_CONVERSION = YES_AGGRESSIVE;
				CLANG_CXX_LANGUAGE_STANDARD = "gnu++17";
				CLANG_ENABLE_MODULES = YES;
				CLANG_ENABLE_OBJC_ARC = YES;
				CLANG_ENABLE_OBJC_WEAK = YES;
				CLANG_WARN_BLOCK_CAPTURE_AUTORELEASING = YES;
				CLANG_WARN_BOOL_CONVERSION = YES;
				CLANG_WARN_COMMA = YES;
				CLANG_WARN_CONSTANT_CONVERSION = YES;
				CLANG_WARN_DEPRECATED_OBJC_IMPLEMENTATIONS = YES;
				CLANG_WARN_DIRECT_OBJC_ISA_USAGE = YES_ERROR;
				CLANG_WARN_DOCUMENTATION_COMMENTS = YES;
				CLANG_WARN_EMPTY_BODY = YES;
				CLANG_WARN_ENUM_CONVERSION = YES;
				CLANG_WARN_INFINITE_RECURSION = YES;
				CLANG_WARN_INT_CONVERSION = YES;
				CLANG_WARN_NON_LITERAL_NULL_CONVERSION = YES;
				CLANG_WARN_OBJC_IMPLICIT_RETAIN_SELF = YES;
				CLANG_WARN_OBJC_LITERAL_CONVERSION = YES;
				CLANG_WARN_OBJC_ROOT_CLASS = YES_ERROR;
				CLANG_WARN_QUOTED_INCLUDE_IN_FRAMEWORK_HEADER = YES;
				CLANG_WARN_RANGE_LOOP_ANALYSIS = YES;
				CLANG_WARN_STRICT_PROTOTYPES = YES;
				CLANG_WARN_SUSPICIOUS_MOVE = YES;
				CLANG_WARN_UNGUARDED_AVAILABILITY = YES_AGGRESSIVE;
				CLANG_WARN_UNREACHABLE_CODE = YES;
				CLANG_WARN__DUPLICATE_METHOD_MATCH = YES;
				COPY_PHASE_STRIP = NO;
				DEBUG_INFORMATION_FORMAT = "dwarf-with-dsym";
				ENABLE_NS_ASSERTIONS = NO;
				ENABLE_STRICT_OBJC_MSGSEND = YES;
				GCC_C_LANGUAGE_STANDARD = gnu11;
				GCC_NO_COMMON_BLOCKS = YES;
				GCC_WARN_64_TO_32_BIT_CONVERSION = YES;
				GCC_WARN_ABOUT_RETURN_TYPE = YES_ERROR;
				GCC_WARN_UNDECLARED_SELECTOR = YES;
				GCC_WARN_UNINITIALIZED_AUTOS = YES_AGGRESSIVE;
				GCC_WARN_UNUSED_FUNCTION = YES;
				GCC_WARN_UNUSED_VARIABLE = YES;
				IPHONEOS_DEPLOYMENT_TARGET = 15.5;
				MTL_ENABLE_DEBUG_INFO = NO;
				MTL_FAST_MATH = YES;
				SDKROOT = iphoneos;
				SWIFT_COMPILATION_MODE = wholemodule;
				SWIFT_OPTIMIZATION_LEVEL = "-O";
				VALIDATE_PRODUCT = YES;
			};
			name = Release;
		};
		046A383E28CC6F9B00D6E787 /* Debug */ = {
			isa = XCBuildConfiguration;
			baseConfigurationReference = 3FC33A8FF9376CF97885A456 /* Pods-HepticEngine.debug.xcconfig */;
			buildSettings = {
				ASSETCATALOG_COMPILER_APPICON_NAME = AppIcon;
				ASSETCATALOG_COMPILER_GLOBAL_ACCENT_COLOR_NAME = AccentColor;
				CODE_SIGN_STYLE = Automatic;
				CURRENT_PROJECT_VERSION = 1;
				DEVELOPMENT_TEAM = NW29K4SP2U;
				GENERATE_INFOPLIST_FILE = YES;
				INFOPLIST_FILE = HepticEngine/Info.plist;
				INFOPLIST_KEY_LSApplicationCategoryType = "";
				INFOPLIST_KEY_NSLocationAlwaysAndWhenInUseUsageDescription = herere;
				INFOPLIST_KEY_NSLocationAlwaysUsageDescription = "Please Allow usage for better experience";
				INFOPLIST_KEY_NSLocationWhenInUseUsageDescription = "We need your location";
				INFOPLIST_KEY_NSMotionUsageDescription = "We are using Motion Usage to track ";
				INFOPLIST_KEY_UIApplicationSupportsIndirectInputEvents = YES;
				INFOPLIST_KEY_UILaunchStoryboardName = LaunchScreen;
				INFOPLIST_KEY_UIMainStoryboardFile = Main;
				INFOPLIST_KEY_UISupportedInterfaceOrientations_iPad = "UIInterfaceOrientationPortrait UIInterfaceOrientationPortraitUpsideDown UIInterfaceOrientationLandscapeLeft UIInterfaceOrientationLandscapeRight";
				INFOPLIST_KEY_UISupportedInterfaceOrientations_iPhone = "UIInterfaceOrientationPortrait UIInterfaceOrientationLandscapeLeft UIInterfaceOrientationLandscapeRight";
				IPHONEOS_DEPLOYMENT_TARGET = 13.5;
				LD_RUNPATH_SEARCH_PATHS = (
					"$(inherited)",
					"@executable_path/Frameworks",
				);
				MARKETING_VERSION = 1.0;
				PRODUCT_BUNDLE_IDENTIFIER = waploaj.HepticEngine;
				PRODUCT_NAME = "$(TARGET_NAME)";
				SWIFT_EMIT_LOC_STRINGS = YES;
				SWIFT_VERSION = 5.0;
				TARGETED_DEVICE_FAMILY = "1,2";
			};
			name = Debug;
		};
		046A383F28CC6F9B00D6E787 /* Release */ = {
			isa = XCBuildConfiguration;
			baseConfigurationReference = E8045AE2E74E6DEE54A9C437 /* Pods-HepticEngine.release.xcconfig */;
			buildSettings = {
				ASSETCATALOG_COMPILER_APPICON_NAME = AppIcon;
				ASSETCATALOG_COMPILER_GLOBAL_ACCENT_COLOR_NAME = AccentColor;
				CODE_SIGN_STYLE = Automatic;
				CURRENT_PROJECT_VERSION = 1;
				DEVELOPMENT_TEAM = NW29K4SP2U;
				GENERATE_INFOPLIST_FILE = YES;
				INFOPLIST_FILE = HepticEngine/Info.plist;
				INFOPLIST_KEY_LSApplicationCategoryType = "";
				INFOPLIST_KEY_NSLocationAlwaysAndWhenInUseUsageDescription = herere;
				INFOPLIST_KEY_NSLocationAlwaysUsageDescription = "Please Allow usage for better experience";
				INFOPLIST_KEY_NSLocationWhenInUseUsageDescription = "We need your location";
				INFOPLIST_KEY_NSMotionUsageDescription = "We are using Motion Usage to track ";
				INFOPLIST_KEY_UIApplicationSupportsIndirectInputEvents = YES;
				INFOPLIST_KEY_UILaunchStoryboardName = LaunchScreen;
				INFOPLIST_KEY_UIMainStoryboardFile = Main;
				INFOPLIST_KEY_UISupportedInterfaceOrientations_iPad = "UIInterfaceOrientationPortrait UIInterfaceOrientationPortraitUpsideDown UIInterfaceOrientationLandscapeLeft UIInterfaceOrientationLandscapeRight";
				INFOPLIST_KEY_UISupportedInterfaceOrientations_iPhone = "UIInterfaceOrientationPortrait UIInterfaceOrientationLandscapeLeft UIInterfaceOrientationLandscapeRight";
				IPHONEOS_DEPLOYMENT_TARGET = 13.5;
				LD_RUNPATH_SEARCH_PATHS = (
					"$(inherited)",
					"@executable_path/Frameworks",
				);
				MARKETING_VERSION = 1.0;
				PRODUCT_BUNDLE_IDENTIFIER = waploaj.HepticEngine;
				PRODUCT_NAME = "$(TARGET_NAME)";
				SWIFT_EMIT_LOC_STRINGS = YES;
				SWIFT_VERSION = 5.0;
				TARGETED_DEVICE_FAMILY = "1,2";
			};
			name = Release;
		};
		046A384128CC6F9B00D6E787 /* Debug */ = {
			isa = XCBuildConfiguration;
			baseConfigurationReference = ECCC598AA17D36991D268796 /* Pods-HepticEngineTests.debug.xcconfig */;
			buildSettings = {
				ALWAYS_EMBED_SWIFT_STANDARD_LIBRARIES = YES;
				BUNDLE_LOADER = "$(TEST_HOST)";
				CODE_SIGN_STYLE = Automatic;
				CURRENT_PROJECT_VERSION = 1;
				GENERATE_INFOPLIST_FILE = YES;
				IPHONEOS_DEPLOYMENT_TARGET = 15.5;
				MARKETING_VERSION = 1.0;
				PRODUCT_BUNDLE_IDENTIFIER = waploaj.HepticEngineTests;
				PRODUCT_NAME = "$(TARGET_NAME)";
				SWIFT_EMIT_LOC_STRINGS = NO;
				SWIFT_VERSION = 5.0;
				TARGETED_DEVICE_FAMILY = "1,2";
				TEST_HOST = "$(BUILT_PRODUCTS_DIR)/HepticEngine.app/HepticEngine";
			};
			name = Debug;
		};
		046A384228CC6F9B00D6E787 /* Release */ = {
			isa = XCBuildConfiguration;
			baseConfigurationReference = 314D77E31E505EAC06AD99F4 /* Pods-HepticEngineTests.release.xcconfig */;
			buildSettings = {
				ALWAYS_EMBED_SWIFT_STANDARD_LIBRARIES = YES;
				BUNDLE_LOADER = "$(TEST_HOST)";
				CODE_SIGN_STYLE = Automatic;
				CURRENT_PROJECT_VERSION = 1;
				GENERATE_INFOPLIST_FILE = YES;
				IPHONEOS_DEPLOYMENT_TARGET = 15.5;
				MARKETING_VERSION = 1.0;
				PRODUCT_BUNDLE_IDENTIFIER = waploaj.HepticEngineTests;
				PRODUCT_NAME = "$(TARGET_NAME)";
				SWIFT_EMIT_LOC_STRINGS = NO;
				SWIFT_VERSION = 5.0;
				TARGETED_DEVICE_FAMILY = "1,2";
				TEST_HOST = "$(BUILT_PRODUCTS_DIR)/HepticEngine.app/HepticEngine";
			};
			name = Release;
		};
		046A384428CC6F9B00D6E787 /* Debug */ = {
			isa = XCBuildConfiguration;
			baseConfigurationReference = E8D022FE6B0093E2D4B5A49A /* Pods-HepticEngine-HepticEngineUITests.debug.xcconfig */;
			buildSettings = {
				ALWAYS_EMBED_SWIFT_STANDARD_LIBRARIES = YES;
				CODE_SIGN_STYLE = Automatic;
				CURRENT_PROJECT_VERSION = 1;
				GENERATE_INFOPLIST_FILE = YES;
				MARKETING_VERSION = 1.0;
				PRODUCT_BUNDLE_IDENTIFIER = waploaj.HepticEngineUITests;
				PRODUCT_NAME = "$(TARGET_NAME)";
				SWIFT_EMIT_LOC_STRINGS = NO;
				SWIFT_VERSION = 5.0;
				TARGETED_DEVICE_FAMILY = "1,2";
				TEST_TARGET_NAME = HepticEngine;
			};
			name = Debug;
		};
		046A384528CC6F9B00D6E787 /* Release */ = {
			isa = XCBuildConfiguration;
			baseConfigurationReference = 3004C0A853C9A420FAAE03F2 /* Pods-HepticEngine-HepticEngineUITests.release.xcconfig */;
			buildSettings = {
				ALWAYS_EMBED_SWIFT_STANDARD_LIBRARIES = YES;
				CODE_SIGN_STYLE = Automatic;
				CURRENT_PROJECT_VERSION = 1;
				GENERATE_INFOPLIST_FILE = YES;
				MARKETING_VERSION = 1.0;
				PRODUCT_BUNDLE_IDENTIFIER = waploaj.HepticEngineUITests;
				PRODUCT_NAME = "$(TARGET_NAME)";
				SWIFT_EMIT_LOC_STRINGS = NO;
				SWIFT_VERSION = 5.0;
				TARGETED_DEVICE_FAMILY = "1,2";
				TEST_TARGET_NAME = HepticEngine;
			};
			name = Release;
		};
/* End XCBuildConfiguration section */

/* Begin XCConfigurationList section */
		046A380B28CC6F9600D6E787 /* Build configuration list for PBXProject "HepticEngine" */ = {
			isa = XCConfigurationList;
			buildConfigurations = (
				046A383B28CC6F9B00D6E787 /* Debug */,
				046A383C28CC6F9B00D6E787 /* Release */,
			);
			defaultConfigurationIsVisible = 0;
			defaultConfigurationName = Release;
		};
		046A383D28CC6F9B00D6E787 /* Build configuration list for PBXNativeTarget "HepticEngine" */ = {
			isa = XCConfigurationList;
			buildConfigurations = (
				046A383E28CC6F9B00D6E787 /* Debug */,
				046A383F28CC6F9B00D6E787 /* Release */,
			);
			defaultConfigurationIsVisible = 0;
			defaultConfigurationName = Release;
		};
		046A384028CC6F9B00D6E787 /* Build configuration list for PBXNativeTarget "HepticEngineTests" */ = {
			isa = XCConfigurationList;
			buildConfigurations = (
				046A384128CC6F9B00D6E787 /* Debug */,
				046A384228CC6F9B00D6E787 /* Release */,
			);
			defaultConfigurationIsVisible = 0;
			defaultConfigurationName = Release;
		};
		046A384328CC6F9B00D6E787 /* Build configuration list for PBXNativeTarget "HepticEngineUITests" */ = {
			isa = XCConfigurationList;
			buildConfigurations = (
				046A384428CC6F9B00D6E787 /* Debug */,
				046A384528CC6F9B00D6E787 /* Release */,
			);
			defaultConfigurationIsVisible = 0;
			defaultConfigurationName = Release;
		};
/* End XCConfigurationList section */

/* Begin XCVersionGroup section */
		046A381C28CC6F9600D6E787 /* HepticEngine.xcdatamodeld */ = {
			isa = XCVersionGroup;
			children = (
				046A381D28CC6F9600D6E787 /* HepticEngine.xcdatamodel */,
			);
			currentVersion = 046A381D28CC6F9600D6E787 /* HepticEngine.xcdatamodel */;
			path = HepticEngine.xcdatamodeld;
			sourceTree = "<group>";
			versionGroupType = wrapper.xcdatamodel;
		};
/* End XCVersionGroup section */
	};
	rootObject = 046A380828CC6F9600D6E787 /* Project object */;
}
